
Microsoft Visual Studio Solution File, Format Version 12.00
# Visual Studio Version 17
VisualStudioVersion = 17.0.32112.339
MinimumVisualStudioVersion = 10.0.40219.1
Project("{8BC9CEB8-8B4A-11D0-8D11-00A0C91BC942}") = "內存四區", "內存四區\內存四區.vcxproj", "{48669E7C-F6ED-450A-B619-C10ED1A51FFE}"
EndProject
Global
	GlobalSection(SolutionConfigurationPlatforms) = preSolution
		Debug|x64 = Debug|x64
		Debug|x86 = Debug|x86
		Release|x64 = Release|x64
		Release|x86 = Release|x86
	EndGlobalSection
	GlobalSection(ProjectConfigurationPlatforms) = postSolution
		{48669E7C-F6ED-450A-B619-C10ED1A51FFE}.Debug|x64.ActiveCfg = Debug|x64
		{48669E7C-F6ED-450A-B619-C10ED1A51FFE}.Debug|x64.Build.0 = Debug|x64
		{48669E7C-F6ED-450A-B619-C10ED1A51FFE}.Debug|x86.ActiveCfg = Debug|Win32
		{48669E7C-F6ED-450A-B619-C10ED1A51FFE}.Debug|x86.Build.0 = Debug|Win32
		{48669E7C-F6ED-450A-B619-C10ED1A51FFE}.Release|x64.ActiveCfg = Release|x64
		{48669E7C-F6ED-450A-B619-C10ED1A51FFE}.Release|x64.Build.0 = Release|x64
		{48669E7C-F6ED-450A-B619-C10ED1A51FFE}.Release|x86.ActiveCfg = Release|Win32
		{48669E7C-F6ED-450A-B619-C10ED1A51FFE}.Release|x86.Build.0 = Release|Win32
	EndGlobalSection
	GlobalSection(SolutionProperties) = preSolution
		HideSolutionNode = FALSE
	EndGlobalSection
	GlobalSection(ExtensibilityGlobals) = postSolution
		SolutionGuid = {DBF610B0-95F3-4D52-952F-FE0D4DD88FE8}
	EndGlobalSection
EndGlobal
